PODS:
  - SmartlingFramework (1.4.8)

DEPENDENCIES:
  - SmartlingFramework

SPEC REPOS:
  https://github.com/cocoapods/specs.git:
    - SmartlingFramework

SPEC CHECKSUMS:
  SmartlingFramework: 5c60880c946995fa3c33b01eb9459fd1697bd98a

PODFILE CHECKSUM: 0c49e8dc3f5c1d0c8942dc4670e47fd3b5116f58

COCOAPODS: 1.5.3
