// !$*UTF8*$!
{
	archiveVersion = 1;
	classes = {
	};
	objectVersion = 50;
	objects = {

/* Begin PBXBuildFile section */
		0794124F479CBAC261CC237B /* Pods_AcmeApp.framework in Frameworks */ = {isa = PBXBuildFile; fileRef = 97ACF4B5F067DA33D60651A8 /* Pods_AcmeApp.framework */; };
		D245D6AE212C4E940007C644 /* AppDelegate.m in Sources */ = {isa = PBXBuildFile; fileRef = D245D6AD212C4E940007C644 /* AppDelegate.m */; };
		D245D6B1212C4E940007C644 /* ViewController.m in Sources */ = {isa = PBXBuildFile; fileRef = D245D6B0212C4E940007C644 /* ViewController.m */; };
		D245D6B4212C4E940007C644 /* Main.storyboard in Resources */ = {isa = PBXBuildFile; fileRef = D245D6B2212C4E940007C644 /* Main.storyboard */; };
		D245D6B6212C4E950007C644 /* Assets.xcassets in Resources */ = {isa = PBXBuildFile; fileRef = D245D6B5212C4E950007C644 /* Assets.xcassets */; };
		D245D6B9212C4E950007C644 /* LaunchScreen.storyboard in Resources */ = {isa = PBXBuildFile; fileRef = D245D6B7212C4E950007C644 /* LaunchScreen.storyboard */; };
		D245D6BC212C4E950007C644 /* main.m in Sources */ = {isa = PBXBuildFile; fileRef = D245D6BB212C4E950007C644 /* main.m */; };
		D29912BA212F277C00067954 /* Localizable.strings in Resources */ = {isa = PBXBuildFile; fileRef = D29912B8212F277C00067954 /* Localizable.strings */; };
/* End PBXBuildFile section */

/* Begin PBXFileReference section */
		3A8E3DF97363D395D2D82664 /* Pods-AcmeApp.release.xcconfig */ = {isa = PBXFileReference; includeInIndex = 1; lastKnownFileType = text.xcconfig; name = "Pods-AcmeApp.release.xcconfig"; path = "Pods/Target Support Files/Pods-AcmeApp/Pods-AcmeApp.release.xcconfig"; sourceTree = "<group>"; };
		49BB43761BF28F1AF6D617CD /* Pods-AcmeApp.debug.xcconfig */ = {isa = PBXFileReference; includeInIndex = 1; lastKnownFileType = text.xcconfig; name = "Pods-AcmeApp.debug.xcconfig"; path = "Pods/Target Support Files/Pods-AcmeApp/Pods-AcmeApp.debug.xcconfig"; sourceTree = "<group>"; };
		97ACF4B5F067DA33D60651A8 /* Pods_AcmeApp.framework */ = {isa = PBXFileReference; explicitFileType = wrapper.framework; includeInIndex = 0; path = Pods_AcmeApp.framework; sourceTree = BUILT_PRODUCTS_DIR; };
		D245D6A9212C4E940007C644 /* AcmeApp.app */ = {isa = PBXFileReference; explicitFileType = wrapper.application; includeInIndex = 0; path = AcmeApp.app; sourceTree = BUILT_PRODUCTS_DIR; };
		D245D6AC212C4E940007C644 /* AppDelegate.h */ = {isa = PBXFileReference; lastKnownFileType = sourcecode.c.h; path = AppDelegate.h; sourceTree = "<group>"; };
		D245D6AD212C4E940007C644 /* AppDelegate.m */ = {isa = PBXFileReference; lastKnownFileType = sourcecode.c.objc; path = AppDelegate.m; sourceTree = "<group>"; };
		D245D6AF212C4E940007C644 /* ViewController.h */ = {isa = PBXFileReference; lastKnownFileType = sourcecode.c.h; path = ViewController.h; sourceTree = "<group>"; };
		D245D6B0212C4E940007C644 /* ViewController.m */ = {isa = PBXFileReference; lastKnownFileType = sourcecode.c.objc; path = ViewController.m; sourceTree = "<group>"; };
		D245D6B3212C4E940007C644 /* Base */ = {isa = PBXFileReference; lastKnownFileType = file.storyboard; name = Base; path = Base.lproj/Main.storyboard; sourceTree = "<group>"; };
		D245D6B5212C4E950007C644 /* Assets.xcassets */ = {isa = PBXFileReference; lastKnownFileType = folder.assetcatalog; path = Assets.xcassets; sourceTree = "<group>"; };
		D245D6B8212C4E950007C644 /* Base */ = {isa = PBXFileReference; lastKnownFileType = file.storyboard; name = Base; path = Base.lproj/LaunchScreen.storyboard; sourceTree = "<group>"; };
		D245D6BA212C4E950007C644 /* Info.plist */ = {isa = PBXFileReference; lastKnownFileType = text.plist.xml; path = Info.plist; sourceTree = "<group>"; };
		D245D6BB212C4E950007C644 /* main.m */ = {isa = PBXFileReference; lastKnownFileType = sourcecode.c.objc; path = main.m; sourceTree = "<group>"; };
		D29912B9212F277C00067954 /* en */ = {isa = PBXFileReference; lastKnownFileType = text.plist.strings; name = en; path = AcmeApp/en.lproj/Localizable.strings; sourceTree = "<group>"; };
/* End PBXFileReference section */

/* Begin PBXFrameworksBuildPhase section */
		D245D6A6212C4E940007C644 /* Frameworks */ = {
			isa = PBXFrameworksBuildPhase;
			buildActionMask = 2147483647;
			files = (
				0794124F479CBAC261CC237B /* Pods_AcmeApp.framework in Frameworks */,
			);
			runOnlyForDeploymentPostprocessing = 0;
		};
/* End PBXFrameworksBuildPhase section */

/* Begin PBXGroup section */
		4F59CADDB15E591A0AC02A20 /* Frameworks */ = {
			isa = PBXGroup;
			children = (
				97ACF4B5F067DA33D60651A8 /* Pods_AcmeApp.framework */,
			);
			name = Frameworks;
			sourceTree = "<group>";
		};
		910F476090CDB04B14D148BB /* Pods */ = {
			isa = PBXGroup;
			children = (
				49BB43761BF28F1AF6D617CD /* Pods-AcmeApp.debug.xcconfig */,
				3A8E3DF97363D395D2D82664 /* Pods-AcmeApp.release.xcconfig */,
			);
			name = Pods;
			sourceTree = "<group>";
		};
		D245D6A0212C4E940007C644 = {
			isa = PBXGroup;
			children = (
				D29912B8212F277C00067954 /* Localizable.strings */,
				D245D6AB212C4E940007C644 /* AcmeApp */,
				D245D6AA212C4E940007C644 /* Products */,
				910F476090CDB04B14D148BB /* Pods */,
				4F59CADDB15E591A0AC02A20 /* Frameworks */,
			);
			sourceTree = "<group>";
		};
		D245D6AA212C4E940007C644 /* Products */ = {
			isa = PBXGroup;
			children = (
				D245D6A9212C4E940007C644 /* AcmeApp.app */,
			);
			name = Products;
			sourceTree = "<group>";
		};
		D245D6AB212C4E940007C644 /* AcmeApp */ = {
			isa = PBXGroup;
			children = (
				D245D6AC212C4E940007C644 /* AppDelegate.h */,
				D245D6AD212C4E940007C644 /* AppDelegate.m */,
				D245D6AF212C4E940007C644 /* ViewController.h */,
				D245D6B0212C4E940007C644 /* ViewController.m */,
				D245D6B2212C4E940007C644 /* Main.storyboard */,
				D245D6B5212C4E950007C644 /* Assets.xcassets */,
				D245D6B7212C4E950007C644 /* LaunchScreen.storyboard */,
				D245D6BA212C4E950007C644 /* Info.plist */,
				D245D6BB212C4E950007C644 /* main.m */,
			);
			path = AcmeApp;
			sourceTree = "<group>";
		};
/* End PBXGroup section */

/* Begin PBXNativeTarget section */
		D245D6A8212C4E940007C644 /* AcmeApp */ = {
			isa = PBXNativeTarget;
			buildConfigurationList = D245D6BF212C4E950007C644 /* Build configuration list for PBXNativeTarget "AcmeApp" */;
			buildPhases = (
				CD16EAF8AFDE19778F905F87 /* [CP] Check Pods Manifest.lock */,
				D245D6A5212C4E940007C644 /* Sources */,
				D245D6A6212C4E940007C644 /* Frameworks */,
				D245D6A7212C4E940007C644 /* Resources */,
				AC21033156C5110C69F0C13D /* [CP] Embed Pods Frameworks */,
			);
			buildRules = (
			);
			dependencies = (
			);
			name = AcmeApp;
			productName = AcmeApp;
			productReference = D245D6A9212C4E940007C644 /* AcmeApp.app */;
			productType = "com.apple.product-type.application";
		};
/* End PBXNativeTarget section */

/* Begin PBXProject section */
		D245D6A1212C4E940007C644 /* Project object */ = {
			isa = PBXProject;
			attributes = {
				LastUpgradeCheck = 0940;
				ORGANIZATIONNAME = "Smartling, Inc.";
				TargetAttributes = {
					D245D6A8212C4E940007C644 = {
						CreatedOnToolsVersion = 9.4.1;
					};
				};
			};
			buildConfigurationList = D245D6A4212C4E940007C644 /* Build configuration list for PBXProject "AcmeApp" */;
			compatibilityVersion = "Xcode 9.3";
			developmentRegion = en;
			hasScannedForEncodings = 0;
			knownRegions = (
				en,
				Base,
			);
			mainGroup = D245D6A0212C4E940007C644;
			productRefGroup = D245D6AA212C4E940007C644 /* Products */;
			projectDirPath = "";
			projectRoot = "";
			targets = (
				D245D6A8212C4E940007C644 /* AcmeApp */,
			);
		};
/* End PBXProject section */

/* Begin PBXResourcesBuildPhase section */
		D245D6A7212C4E940007C644 /* Resources */ = {
			isa = PBXResourcesBuildPhase;
			buildActionMask = 2147483647;
			files = (
				D245D6B9212C4E950007C644 /* LaunchScreen.storyboard in Resources */,
				D29912BA212F277C00067954 /* Localizable.strings in Resources */,
				D245D6B6212C4E950007C644 /* Assets.xcassets in Resources */,
				D245D6B4212C4E940007C644 /* Main.storyboard in Resources */,
			);
			runOnlyForDeploymentPostprocessing = 0;
		};
/* End PBXResourcesBuildPhase section */

/* Begin PBXShellScriptBuildPhase section */
		AC21033156C5110C69F0C13D /* [CP] Embed Pods Frameworks */ = {
			isa = PBXShellScriptBuildPhase;
			buildActionMask = 2147483647;
			files = (
			);
			inputPaths = (
				"${SRCROOT}/Pods/Target Support Files/Pods-AcmeApp/Pods-AcmeApp-frameworks.sh",
				"${PODS_ROOT}/Smartling-framework/Smartling.framework",
			);
			name = "[CP] Embed Pods Frameworks";
			outputPaths = (
				"${TARGET_BUILD_DIR}/${FRAMEWORKS_FOLDER_PATH}/Smartling.framework",
			);
			runOnlyForDeploymentPostprocessing = 0;
			shellPath = /bin/sh;
			shellScript = "\"${SRCROOT}/Pods/Target Support Files/Pods-AcmeApp/Pods-AcmeApp-frameworks.sh\"\n";
			showEnvVarsInLog = 0;
		};
		CD16EAF8AFDE19778F905F87 /* [CP] Check Pods Manifest.lock */ = {
			isa = PBXShellScriptBuildPhase;
			buildActionMask = 2147483647;
			files = (
			);
			inputPaths = (
				"${PODS_PODFILE_DIR_PATH}/Podfile.lock",
				"${PODS_ROOT}/Manifest.lock",
			);
			name = "[CP] Check Pods Manifest.lock";
			outputPaths = (
				"$(DERIVED_FILE_DIR)/Pods-AcmeApp-checkManifestLockResult.txt",
			);
			runOnlyForDeploymentPostprocessing = 0;
			shellPath = /bin/sh;
			shellScript = "diff \"${PODS_PODFILE_DIR_PATH}/Podfile.lock\" \"${PODS_ROOT}/Manifest.lock\" > /dev/null\nif [ $? != 0 ] ; then\n    # print error to STDERR\n    echo \"error: The sandbox is not in sync with the Podfile.lock. Run 'pod install' or update your CocoaPods installation.\" >&2\n    exit 1\nfi\n# This output is used by Xcode 'outputs' to avoid re-running this script phase.\necho \"SUCCESS\" > \"${SCRIPT_OUTPUT_FILE_0}\"\n";
			showEnvVarsInLog = 0;
		};
/* End PBXShellScriptBuildPhase section */

/* Begin PBXSourcesBuildPhase section */
		D245D6A5212C4E940007C644 /* Sources */ = {
			isa = PBXSourcesBuildPhase;
			buildActionMask = 2147483647;
			files = (
				D245D6B1212C4E940007C644 /* ViewController.m in Sources */,
				D245D6BC212C4E950007C644 /* main.m in Sources */,
				D245D6AE212C4E940007C644 /* AppDelegate.m in Sources */,
			);
			runOnlyForDeploymentPostprocessing = 0;
		};
/* End PBXSourcesBuildPhase section */

/* Begin PBXVariantGroup section */
		D245D6B2212C4E940007C644 /* Main.storyboard */ = {
			isa = PBXVariantGroup;
			children = (
				D245D6B3212C4E940007C644 /* Base */,
			);
			name = Main.storyboard;
			sourceTree = "<group>";
		};
		D245D6B7212C4E950007C644 /* LaunchScreen.storyboard */ = {
			isa = PBXVariantGroup;
			children = (
				D245D6B8212C4E950007C644 /* Base */,
			);
			name = LaunchScreen.storyboard;
			sourceTree = "<group>";
		};
		D29912B8212F277C00067954 /* Localizable.strings */ = {
			isa = PBXVariantGroup;
			children = (
				D29912B9212F277C00067954 /* en */,
			);
			name = Localizable.strings;
			sourceTree = "<group>";
		};
/* End PBXVariantGroup section */

/* Begin XCBuildConfiguration section */
		D245D6BD212C4E950007C644 /* Debug */ = {
			isa = XCBuildConfiguration;
			buildSettings = {
				ALWAYS_SEARCH_USER_PATHS = NO;
				CLANG_ANALYZER_NONNULL = YES;
				CLANG_ANALYZER_NUMBER_OBJECT_CONVERSION = YES_AGGRESSIVE;
				CLANG_CXX_LANGUAGE_STANDARD = "gnu++14";
				CLANG_CXX_LIBRARY = "libc++";
				CLANG_ENABLE_MODULES = YES;
				CLANG_ENABLE_OBJC_ARC = YES;
				CLANG_ENABLE_OBJC_WEAK = YES;
				CLANG_WARN_BLOCK_CAPTURE_AUTORELEASING = YES;
				CLANG_WARN_BOOL_CONVERSION = YES;
				CLANG_WARN_COMMA = YES;
				CLANG_WARN_CONSTANT_CONVERSION = YES;
				CLANG_WARN_DEPRECATED_OBJC_IMPLEMENTATIONS = YES;
				CLANG_WARN_DIRECT_OBJC_ISA_USAGE = YES_ERROR;
				CLANG_WARN_DOCUMENTATION_COMMENTS = YES;
				CLANG_WARN_EMPTY_BODY = YES;
				CLANG_WARN_ENUM_CONVERSION = YES;
				CLANG_WARN_INFINITE_RECURSION = YES;
				CLANG_WARN_INT_CONVERSION = YES;
				CLANG_WARN_NON_LITERAL_NULL_CONVERSION = YES;
				CLANG_WARN_OBJC_IMPLICIT_RETAIN_SELF = YES;
				CLANG_WARN_OBJC_LITERAL_CONVERSION = YES;
				CLANG_WARN_OBJC_ROOT_CLASS = YES_ERROR;
				CLANG_WARN_RANGE_LOOP_ANALYSIS = YES;
				CLANG_WARN_STRICT_PROTOTYPES = YES;
				CLANG_WARN_SUSPICIOUS_MOVE = YES;
				CLANG_WARN_UNGUARDED_AVAILABILITY = YES_AGGRESSIVE;
				CLANG_WARN_UNREACHABLE_CODE = YES;
				CLANG_WARN__DUPLICATE_METHOD_MATCH = YES;
				CODE_SIGN_IDENTITY = "iPhone Developer";
				COPY_PHASE_STRIP = NO;
				DEBUG_INFORMATION_FORMAT = dwarf;
				ENABLE_STRICT_OBJC_MSGSEND = YES;
				ENABLE_TESTABILITY = YES;
				GCC_C_LANGUAGE_STANDARD = gnu11;
				GCC_DYNAMIC_NO_PIC = NO;
				GCC_NO_COMMON_BLOCKS = YES;
				GCC_OPTIMIZATION_LEVEL = 0;
				GCC_PREPROCESSOR_DEFINITIONS = (
					"DEBUG=1",
					"$(inherited)",
				);
				GCC_WARN_64_TO_32_BIT_CONVERSION = YES;
				GCC_WARN_ABOUT_RETURN_TYPE = YES_ERROR;
				GCC_WARN_UNDECLARED_SELECTOR = YES;
				GCC_WARN_UNINITIALIZED_AUTOS = YES_AGGRESSIVE;
				GCC_WARN_UNUSED_FUNCTION = YES;
				GCC_WARN_UNUSED_VARIABLE = YES;
				IPHONEOS_DEPLOYMENT_TARGET = 11.4;
				MTL_ENABLE_DEBUG_INFO = YES;
				ONLY_ACTIVE_ARCH = YES;
				SDKROOT = iphoneos;
			};
			name = Debug;
		};
		D245D6BE212C4E950007C644 /* Release */ = {
			isa = XCBuildConfiguration;
			buildSettings = {
				ALWAYS_SEARCH_USER_PATHS = NO;
				CLANG_ANALYZER_NONNULL = YES;
				CLANG_ANALYZER_NUMBER_OBJECT_CONVERSION = YES_AGGRESSIVE;
				CLANG_CXX_LANGUAGE_STANDARD = "gnu++14";
				CLANG_CXX_LIBRARY = "libc++";
				CLANG_ENABLE_MODULES = YES;
				CLANG_ENABLE_OBJC_ARC = YES;
				CLANG_ENABLE_OBJC_WEAK = YES;
				CLANG_WARN_BLOCK_CAPTURE_AUTORELEASING = YES;
				CLANG_WARN_BOOL_CONVERSION = YES;
				CLANG_WARN_COMMA = YES;
				CLANG_WARN_CONSTANT_CONVERSION = YES;
				CLANG_WARN_DEPRECATED_OBJC_IMPLEMENTATIONS = YES;
				CLANG_WARN_DIRECT_OBJC_ISA_USAGE = YES_ERROR;
				CLANG_WARN_DOCUMENTATION_COMMENTS = YES;
				CLANG_WARN_EMPTY_BODY = YES;
				CLANG_WARN_ENUM_CONVERSION = YES;
				CLANG_WARN_INFINITE_RECURSION = YES;
				CLANG_WARN_INT_CONVERSION = YES;
				CLANG_WARN_NON_LITERAL_NULL_CONVERSION = YES;
				CLANG_WARN_OBJC_IMPLICIT_RETAIN_SELF = YES;
				CLANG_WARN_OBJC_LITERAL_CONVERSION = YES;
				CLANG_WARN_OBJC_ROOT_CLASS = YES_ERROR;
				CLANG_WARN_RANGE_LOOP_ANALYSIS = YES;
				CLANG_WARN_STRICT_PROTOTYPES = YES;
				CLANG_WARN_SUSPICIOUS_MOVE = YES;
				CLANG_WARN_UNGUARDED_AVAILABILITY = YES_AGGRESSIVE;
				CLANG_WARN_UNREACHABLE_CODE = YES;
				CLANG_WARN__DUPLICATE_METHOD_MATCH = YES;
				CODE_SIGN_IDENTITY = "iPhone Developer";
				COPY_PHASE_STRIP = NO;
				DEBUG_INFORMATION_FORMAT = "dwarf-with-dsym";
				ENABLE_NS_ASSERTIONS = NO;
				ENABLE_STRICT_OBJC_MSGSEND = YES;
				GCC_C_LANGUAGE_STANDARD = gnu11;
				GCC_NO_COMMON_BLOCKS = YES;
				GCC_WARN_64_TO_32_BIT_CONVERSION = YES;
				GCC_WARN_ABOUT_RETURN_TYPE = YES_ERROR;
				GCC_WARN_UNDECLARED_SELECTOR = YES;
				GCC_WARN_UNINITIALIZED_AUTOS = YES_AGGRESSIVE;
				GCC_WARN_UNUSED_FUNCTION = YES;
				GCC_WARN_UNUSED_VARIABLE = YES;
				IPHONEOS_DEPLOYMENT_TARGET = 11.4;
				MTL_ENABLE_DEBUG_INFO = NO;
				SDKROOT = iphoneos;
				VALIDATE_PRODUCT = YES;
			};
			name = Release;
		};
		D245D6C0212C4E950007C644 /* Debug */ = {
			isa = XCBuildConfiguration;
			baseConfigurationReference = 49BB43761BF28F1AF6D617CD /* Pods-AcmeApp.debug.xcconfig */;
			buildSettings = {
				ASSETCATALOG_COMPILER_APPICON_NAME = AppIcon;
				CODE_SIGN_STYLE = Automatic;
				DEVELOPMENT_TEAM = M269PLPZB7;
				INFOPLIST_FILE = AcmeApp/Info.plist;
				LD_RUNPATH_SEARCH_PATHS = (
					"$(inherited)",
					"@executable_path/Frameworks",
				);
				PRODUCT_BUNDLE_IDENTIFIER = com.smartling.ios.demo.AcmeApp;
				PRODUCT_NAME = "$(TARGET_NAME)";
				TARGETED_DEVICE_FAMILY = "1,2";
			};
			name = Debug;
		};
		D245D6C1212C4E950007C644 /* Release */ = {
			isa = XCBuildConfiguration;
			baseConfigurationReference = 3A8E3DF97363D395D2D82664 /* Pods-AcmeApp.release.xcconfig */;
			buildSettings = {
				ASSETCATALOG_COMPILER_APPICON_NAME = AppIcon;
				CODE_SIGN_STYLE = Automatic;
				DEVELOPMENT_TEAM = M269PLPZB7;
				INFOPLIST_FILE = AcmeApp/Info.plist;
				LD_RUNPATH_SEARCH_PATHS = (
					"$(inherited)",
					"@executable_path/Frameworks",
				);
				PRODUCT_BUNDLE_IDENTIFIER = com.smartling.ios.demo.AcmeApp;
				PRODUCT_NAME = "$(TARGET_NAME)";
				TARGETED_DEVICE_FAMILY = "1,2";
			};
			name = Release;
		};
/* End XCBuildConfiguration section */

/* Begin XCConfigurationList section */
		D245D6A4212C4E940007C644 /* Build configuration list for PBXProject "AcmeApp" */ = {
			isa = XCConfigurationList;
			buildConfigurations = (
				D245D6BD212C4E950007C644 /* Debug */,
				D245D6BE212C4E950007C644 /* Release */,
			);
			defaultConfigurationIsVisible = 0;
			defaultConfigurationName = Release;
		};
		D245D6BF212C4E950007C644 /* Build configuration list for PBXNativeTarget "AcmeApp" */ = {
			isa = XCConfigurationList;
			buildConfigurations = (
				D245D6C0212C4E950007C644 /* Debug */,
				D245D6C1212C4E950007C644 /* Release */,
			);
			defaultConfigurationIsVisible = 0;
			defaultConfigurationName = Release;
		};
/* End XCConfigurationList section */
	};
	rootObject = D245D6A1212C4E940007C644 /* Project object */;
}
